// !$*UTF8*$!
{
	archiveVersion = 1;
	classes = {
	};
	objectVersion = 55;
	objects = {

/* Begin PBXBuildFile section */
		3EC644854E95D29389C126BA /* Pods_GitHubUsers.framework in Frameworks */ = {isa = PBXBuildFile; fileRef = 293CABB8B00F10598746A1C1 /* Pods_GitHubUsers.framework */; };
		4832AF7327F4B66300BEECCE /* UserEntity.swift in Sources */ = {isa = PBXBuildFile; fileRef = 4832AF7227F4B66300BEECCE /* UserEntity.swift */; };
		4832AF7527F4B85500BEECCE /* DataManager.swift in Sources */ = {isa = PBXBuildFile; fileRef = 4832AF7427F4B85500BEECCE /* DataManager.swift */; };
		4832AF7827F4BC1500BEECCE /* Reachability.swift in Sources */ = {isa = PBXBuildFile; fileRef = 4832AF7727F4BC1500BEECCE /* Reachability.swift */; };
		4832AF7A27F4BF0B00BEECCE /* UserDetailEntity.swift in Sources */ = {isa = PBXBuildFile; fileRef = 4832AF7927F4BF0B00BEECCE /* UserDetailEntity.swift */; };
		4832AF7C27F5871800BEECCE /* ErrorHelper.swift in Sources */ = {isa = PBXBuildFile; fileRef = 4832AF7B27F5871800BEECCE /* ErrorHelper.swift */; };
		4832AF7F27F5895200BEECCE /* ErrorMessages.swift in Sources */ = {isa = PBXBuildFile; fileRef = 4832AF7E27F5895200BEECCE /* ErrorMessages.swift */; };
		4895CC7B27F45A900056D24A /* AppDelegate.swift in Sources */ = {isa = PBXBuildFile; fileRef = 4895CC7A27F45A900056D24A /* AppDelegate.swift */; };
		4895CC7D27F45A900056D24A /* SceneDelegate.swift in Sources */ = {isa = PBXBuildFile; fileRef = 4895CC7C27F45A900056D24A /* SceneDelegate.swift */; };
		4895CC8227F45A900056D24A /* Main.storyboard in Resources */ = {isa = PBXBuildFile; fileRef = 4895CC8027F45A900056D24A /* Main.storyboard */; };
		4895CC8427F45A900056D24A /* Assets.xcassets in Resources */ = {isa = PBXBuildFile; fileRef = 4895CC8327F45A900056D24A /* Assets.xcassets */; };
		4895CC8727F45A900056D24A /* LaunchScreen.storyboard in Resources */ = {isa = PBXBuildFile; fileRef = 4895CC8527F45A900056D24A /* LaunchScreen.storyboard */; };
		4895CC9027F45ABB0056D24A /* UsersListController.swift in Sources */ = {isa = PBXBuildFile; fileRef = 4895CC8F27F45ABB0056D24A /* UsersListController.swift */; };
		4895CC9427F45C540056D24A /* UserTableViewCell.swift in Sources */ = {isa = PBXBuildFile; fileRef = 4895CC9327F45C540056D24A /* UserTableViewCell.swift */; };
		4895CC9727F45DBE0056D24A /* APIManager.swift in Sources */ = {isa = PBXBuildFile; fileRef = 4895CC9627F45DBE0056D24A /* APIManager.swift */; };
		4895CC9A27F45E190056D24A /* User.swift in Sources */ = {isa = PBXBuildFile; fileRef = 4895CC9927F45E190056D24A /* User.swift */; };
		4895CC9C27F475180056D24A /* UserDetail.swift in Sources */ = {isa = PBXBuildFile; fileRef = 4895CC9B27F475180056D24A /* UserDetail.swift */; };
		4895CC9E27F478D30056D24A /* UserDetailController.swift in Sources */ = {isa = PBXBuildFile; fileRef = 4895CC9D27F478D30056D24A /* UserDetailController.swift */; };
		4895CCA027F478FF0056D24A /* BaseViewController.swift in Sources */ = {isa = PBXBuildFile; fileRef = 4895CC9F27F478FF0056D24A /* BaseViewController.swift */; };
		48EC22DA27F5EE4B007BD202 /* Array+GitHubUsers.swift in Sources */ = {isa = PBXBuildFile; fileRef = 48EC22D927F5EE4B007BD202 /* Array+GitHubUsers.swift */; };
/* End PBXBuildFile section */

/* Begin PBXFileReference section */
		293CABB8B00F10598746A1C1 /* Pods_GitHubUsers.framework */ = {isa = PBXFileReference; explicitFileType = wrapper.framework; includeInIndex = 0; path = Pods_GitHubUsers.framework; sourceTree = BUILT_PRODUCTS_DIR; };
		4832AF7227F4B66300BEECCE /* UserEntity.swift */ = {isa = PBXFileReference; lastKnownFileType = sourcecode.swift; path = UserEntity.swift; sourceTree = "<group>"; };
		4832AF7427F4B85500BEECCE /* DataManager.swift */ = {isa = PBXFileReference; lastKnownFileType = sourcecode.swift; path = DataManager.swift; sourceTree = "<group>"; };
		4832AF7727F4BC1500BEECCE /* Reachability.swift */ = {isa = PBXFileReference; lastKnownFileType = sourcecode.swift; path = Reachability.swift; sourceTree = "<group>"; };
		4832AF7927F4BF0B00BEECCE /* UserDetailEntity.swift */ = {isa = PBXFileReference; lastKnownFileType = sourcecode.swift; path = UserDetailEntity.swift; sourceTree = "<group>"; };
		4832AF7B27F5871800BEECCE /* ErrorHelper.swift */ = {isa = PBXFileReference; lastKnownFileType = sourcecode.swift; path = ErrorHelper.swift; sourceTree = "<group>"; };
		4832AF7E27F5895200BEECCE /* ErrorMessages.swift */ = {isa = PBXFileReference; lastKnownFileType = sourcecode.swift; path = ErrorMessages.swift; sourceTree = "<group>"; };
		4895CC7727F45A900056D24A /* GitHubUsers.app */ = {isa = PBXFileReference; explicitFileType = wrapper.application; includeInIndex = 0; path = GitHubUsers.app; sourceTree = BUILT_PRODUCTS_DIR; };
		4895CC7A27F45A900056D24A /* AppDelegate.swift */ = {isa = PBXFileReference; lastKnownFileType = sourcecode.swift; path = AppDelegate.swift; sourceTree = "<group>"; };
		4895CC7C27F45A900056D24A /* SceneDelegate.swift */ = {isa = PBXFileReference; lastKnownFileType = sourcecode.swift; path = SceneDelegate.swift; sourceTree = "<group>"; };
		4895CC8127F45A900056D24A /* Base */ = {isa = PBXFileReference; lastKnownFileType = file.storyboard; name = Base; path = Base.lproj/Main.storyboard; sourceTree = "<group>"; };
		4895CC8327F45A900056D24A /* Assets.xcassets */ = {isa = PBXFileReference; lastKnownFileType = folder.assetcatalog; path = Assets.xcassets; sourceTree = "<group>"; };
		4895CC8627F45A900056D24A /* Base */ = {isa = PBXFileReference; lastKnownFileType = file.storyboard; name = Base; path = Base.lproj/LaunchScreen.storyboard; sourceTree = "<group>"; };
		4895CC8827F45A900056D24A /* Info.plist */ = {isa = PBXFileReference; lastKnownFileType = text.plist.xml; path = Info.plist; sourceTree = "<group>"; };
		4895CC8F27F45ABB0056D24A /* UsersListController.swift */ = {isa = PBXFileReference; fileEncoding = 4; lastKnownFileType = sourcecode.swift; path = UsersListController.swift; sourceTree = "<group>"; };
		4895CC9327F45C540056D24A /* UserTableViewCell.swift */ = {isa = PBXFileReference; lastKnownFileType = sourcecode.swift; path = UserTableViewCell.swift; sourceTree = "<group>"; };
		4895CC9627F45DBE0056D24A /* APIManager.swift */ = {isa = PBXFileReference; lastKnownFileType = sourcecode.swift; path = APIManager.swift; sourceTree = "<group>"; };
		4895CC9927F45E190056D24A /* User.swift */ = {isa = PBXFileReference; lastKnownFileType = sourcecode.swift; path = User.swift; sourceTree = "<group>"; };
		4895CC9B27F475180056D24A /* UserDetail.swift */ = {isa = PBXFileReference; lastKnownFileType = sourcecode.swift; path = UserDetail.swift; sourceTree = "<group>"; };
		4895CC9D27F478D30056D24A /* UserDetailController.swift */ = {isa = PBXFileReference; lastKnownFileType = sourcecode.swift; path = UserDetailController.swift; sourceTree = "<group>"; };
		4895CC9F27F478FF0056D24A /* BaseViewController.swift */ = {isa = PBXFileReference; lastKnownFileType = sourcecode.swift; path = BaseViewController.swift; sourceTree = "<group>"; };
		48EC22D927F5EE4B007BD202 /* Array+GitHubUsers.swift */ = {isa = PBXFileReference; lastKnownFileType = sourcecode.swift; path = "Array+GitHubUsers.swift"; sourceTree = "<group>"; };
		81ED4BA33D0E632C0CCA5FF3 /* Pods-GitHubUsers.release.xcconfig */ = {isa = PBXFileReference; includeInIndex = 1; lastKnownFileType = text.xcconfig; name = "Pods-GitHubUsers.release.xcconfig"; path = "Target Support Files/Pods-GitHubUsers/Pods-GitHubUsers.release.xcconfig"; sourceTree = "<group>"; };
		9A58C458DE22D05FCF7F69DC /* Pods-GitHubUsers.debug.xcconfig */ = {isa = PBXFileReference; includeInIndex = 1; lastKnownFileType = text.xcconfig; name = "Pods-GitHubUsers.debug.xcconfig"; path = "Target Support Files/Pods-GitHubUsers/Pods-GitHubUsers.debug.xcconfig"; sourceTree = "<group>"; };
/* End PBXFileReference section */

/* Begin PBXFrameworksBuildPhase section */
		4895CC7427F45A900056D24A /* Frameworks */ = {
			isa = PBXFrameworksBuildPhase;
			buildActionMask = 2147483647;
			files = (
				3EC644854E95D29389C126BA /* Pods_GitHubUsers.framework in Frameworks */,
			);
			runOnlyForDeploymentPostprocessing = 0;
		};
/* End PBXFrameworksBuildPhase section */

/* Begin PBXGroup section */
		4832AF7027F4B64900BEECCE /* OfflineStorage */ = {
			isa = PBXGroup;
			children = (
				4832AF7127F4B65500BEECCE /* Entities */,
				4832AF7427F4B85500BEECCE /* DataManager.swift */,
			);
			path = OfflineStorage;
			sourceTree = "<group>";
		};
		4832AF7127F4B65500BEECCE /* Entities */ = {
			isa = PBXGroup;
			children = (
				4832AF7227F4B66300BEECCE /* UserEntity.swift */,
				4832AF7927F4BF0B00BEECCE /* UserDetailEntity.swift */,
			);
			path = Entities;
			sourceTree = "<group>";
		};
		4832AF7627F4BC0300BEECCE /* Helper */ = {
			isa = PBXGroup;
			children = (
				4832AF7727F4BC1500BEECCE /* Reachability.swift */,
				4832AF7B27F5871800BEECCE /* ErrorHelper.swift */,
			);
			path = Helper;
			sourceTree = "<group>";
		};
		4832AF7D27F5894500BEECCE /* Constants */ = {
			isa = PBXGroup;
			children = (
				4832AF7E27F5895200BEECCE /* ErrorMessages.swift */,
			);
			path = Constants;
			sourceTree = "<group>";
		};
		4895CC6E27F45A900056D24A = {
			isa = PBXGroup;
			children = (
				4895CC7927F45A900056D24A /* GitHubUsers */,
				4895CC7827F45A900056D24A /* Products */,
				4CBABDB7A10CD81C0DA20796 /* Pods */,
				FD0B9CC56D6E71D513EC85E6 /* Frameworks */,
			);
			sourceTree = "<group>";
		};
		4895CC7827F45A900056D24A /* Products */ = {
			isa = PBXGroup;
			children = (
				4895CC7727F45A900056D24A /* GitHubUsers.app */,
			);
			name = Products;
			sourceTree = "<group>";
		};
		4895CC7927F45A900056D24A /* GitHubUsers */ = {
			isa = PBXGroup;
			children = (
				48EC22D827F5EE3A007BD202 /* Extensions */,
				4832AF7D27F5894500BEECCE /* Constants */,
				4832AF7627F4BC0300BEECCE /* Helper */,
				4832AF7027F4B64900BEECCE /* OfflineStorage */,
				4895CC9827F45E0B0056D24A /* DataModels */,
				4895CC9527F45DAF0056D24A /* Services */,
				4895CC9127F45C3E0056D24A /* Views */,
				4895CC8E27F45ABB0056D24A /* Controllers */,
				4895CC7A27F45A900056D24A /* AppDelegate.swift */,
				4895CC7C27F45A900056D24A /* SceneDelegate.swift */,
				4895CC8027F45A900056D24A /* Main.storyboard */,
				4895CC8327F45A900056D24A /* Assets.xcassets */,
				4895CC8527F45A900056D24A /* LaunchScreen.storyboard */,
				4895CC8827F45A900056D24A /* Info.plist */,
			);
			path = GitHubUsers;
			sourceTree = "<group>";
		};
		4895CC8E27F45ABB0056D24A /* Controllers */ = {
			isa = PBXGroup;
			children = (
				4895CC8F27F45ABB0056D24A /* UsersListController.swift */,
				4895CC9D27F478D30056D24A /* UserDetailController.swift */,
				4895CC9F27F478FF0056D24A /* BaseViewController.swift */,
			);
			path = Controllers;
			sourceTree = "<group>";
		};
		4895CC9127F45C3E0056D24A /* Views */ = {
			isa = PBXGroup;
			children = (
				4895CC9227F45C3E0056D24A /* Cells */,
			);
			path = Views;
			sourceTree = "<group>";
		};
		4895CC9227F45C3E0056D24A /* Cells */ = {
			isa = PBXGroup;
			children = (
				4895CC9327F45C540056D24A /* UserTableViewCell.swift */,
			);
			path = Cells;
			sourceTree = "<group>";
		};
		4895CC9527F45DAF0056D24A /* Services */ = {
			isa = PBXGroup;
			children = (
				4895CC9627F45DBE0056D24A /* APIManager.swift */,
			);
			path = Services;
			sourceTree = "<group>";
		};
		4895CC9827F45E0B0056D24A /* DataModels */ = {
			isa = PBXGroup;
			children = (
				4895CC9927F45E190056D24A /* User.swift */,
				4895CC9B27F475180056D24A /* UserDetail.swift */,
			);
			path = DataModels;
			sourceTree = "<group>";
		};
		48EC22D827F5EE3A007BD202 /* Extensions */ = {
			isa = PBXGroup;
			children = (
				48EC22D927F5EE4B007BD202 /* Array+GitHubUsers.swift */,
			);
			path = Extensions;
			sourceTree = "<group>";
		};
		4CBABDB7A10CD81C0DA20796 /* Pods */ = {
			isa = PBXGroup;
			children = (
				9A58C458DE22D05FCF7F69DC /* Pods-GitHubUsers.debug.xcconfig */,
				81ED4BA33D0E632C0CCA5FF3 /* Pods-GitHubUsers.release.xcconfig */,
			);
			path = Pods;
			sourceTree = "<group>";
		};
		FD0B9CC56D6E71D513EC85E6 /* Frameworks */ = {
			isa = PBXGroup;
			children = (
				293CABB8B00F10598746A1C1 /* Pods_GitHubUsers.framework */,
			);
			name = Frameworks;
			sourceTree = "<group>";
		};
/* End PBXGroup section */

/* Begin PBXNativeTarget section */
		4895CC7627F45A900056D24A /* GitHubUsers */ = {
			isa = PBXNativeTarget;
			buildConfigurationList = 4895CC8B27F45A900056D24A /* Build configuration list for PBXNativeTarget "GitHubUsers" */;
			buildPhases = (
				A5B2EB1398223A9EF9AE5277 /* [CP] Check Pods Manifest.lock */,
				4895CC7327F45A900056D24A /* Sources */,
				4895CC7427F45A900056D24A /* Frameworks */,
				4895CC7527F45A900056D24A /* Resources */,
				7414AC4DEB3C839C02696AAA /* [CP] Embed Pods Frameworks */,
			);
			buildRules = (
			);
			dependencies = (
			);
			name = GitHubUsers;
			productName = GitHubUsers;
			productReference = 4895CC7727F45A900056D24A /* GitHubUsers.app */;
			productType = "com.apple.product-type.application";
		};
/* End PBXNativeTarget section */

/* Begin PBXProject section */
		4895CC6F27F45A900056D24A /* Project object */ = {
			isa = PBXProject;
			attributes = {
				BuildIndependentTargetsInParallel = 1;
				LastSwiftUpdateCheck = 1320;
				LastUpgradeCheck = 1320;
				TargetAttributes = {
					4895CC7627F45A900056D24A = {
						CreatedOnToolsVersion = 13.2.1;
					};
				};
			};
			buildConfigurationList = 4895CC7227F45A900056D24A /* Build configuration list for PBXProject "GitHubUsers" */;
			compatibilityVersion = "Xcode 13.0";
			developmentRegion = en;
			hasScannedForEncodings = 0;
			knownRegions = (
				en,
				Base,
			);
			mainGroup = 4895CC6E27F45A900056D24A;
			productRefGroup = 4895CC7827F45A900056D24A /* Products */;
			projectDirPath = "";
			projectRoot = "";
			targets = (
				4895CC7627F45A900056D24A /* GitHubUsers */,
			);
		};
/* End PBXProject section */

/* Begin PBXResourcesBuildPhase section */
		4895CC7527F45A900056D24A /* Resources */ = {
			isa = PBXResourcesBuildPhase;
			buildActionMask = 2147483647;
			files = (
				4895CC8727F45A900056D24A /* LaunchScreen.storyboard in Resources */,
				4895CC8427F45A900056D24A /* Assets.xcassets in Resources */,
				4895CC8227F45A900056D24A /* Main.storyboard in Resources */,
			);
			runOnlyForDeploymentPostprocessing = 0;
		};
/* End PBXResourcesBuildPhase section */

/* Begin PBXShellScriptBuildPhase section */
		7414AC4DEB3C839C02696AAA /* [CP] Embed Pods Frameworks */ = {
			isa = PBXShellScriptBuildPhase;
			buildActionMask = 2147483647;
			files = (
			);
			inputFileListPaths = (
				"${PODS_ROOT}/Target Support Files/Pods-GitHubUsers/Pods-GitHubUsers-frameworks-${CONFIGURATION}-input-files.xcfilelist",
			);
			name = "[CP] Embed Pods Frameworks";
			outputFileListPaths = (
				"${PODS_ROOT}/Target Support Files/Pods-GitHubUsers/Pods-GitHubUsers-frameworks-${CONFIGURATION}-output-files.xcfilelist",
			);
			runOnlyForDeploymentPostprocessing = 0;
			shellPath = /bin/sh;
			shellScript = "\"${PODS_ROOT}/Target Support Files/Pods-GitHubUsers/Pods-GitHubUsers-frameworks.sh\"\n";
			showEnvVarsInLog = 0;
		};
		A5B2EB1398223A9EF9AE5277 /* [CP] Check Pods Manifest.lock */ = {
			isa = PBXShellScriptBuildPhase;
			buildActionMask = 2147483647;
			files = (
			);
			inputFileListPaths = (
			);
			inputPaths = (
				"${PODS_PODFILE_DIR_PATH}/Podfile.lock",
				"${PODS_ROOT}/Manifest.lock",
			);
			name = "[CP] Check Pods Manifest.lock";
			outputFileListPaths = (
			);
			outputPaths = (
				"$(DERIVED_FILE_DIR)/Pods-GitHubUsers-checkManifestLockResult.txt",
			);
			runOnlyForDeploymentPostprocessing = 0;
			shellPath = /bin/sh;
			shellScript = "diff \"${PODS_PODFILE_DIR_PATH}/Podfile.lock\" \"${PODS_ROOT}/Manifest.lock\" > /dev/null\nif [ $? != 0 ] ; then\n    # print error to STDERR\n    echo \"error: The sandbox is not in sync with the Podfile.lock. Run 'pod install' or update your CocoaPods installation.\" >&2\n    exit 1\nfi\n# This output is used by Xcode 'outputs' to avoid re-running this script phase.\necho \"SUCCESS\" > \"${SCRIPT_OUTPUT_FILE_0}\"\n";
			showEnvVarsInLog = 0;
		};
/* End PBXShellScriptBuildPhase section */

/* Begin PBXSourcesBuildPhase section */
		4895CC7327F45A900056D24A /* Sources */ = {
			isa = PBXSourcesBuildPhase;
			buildActionMask = 2147483647;
			files = (
				4832AF7A27F4BF0B00BEECCE /* UserDetailEntity.swift in Sources */,
				48EC22DA27F5EE4B007BD202 /* Array+GitHubUsers.swift in Sources */,
				4895CC9427F45C540056D24A /* UserTableViewCell.swift in Sources */,
				4895CC9C27F475180056D24A /* UserDetail.swift in Sources */,
				4832AF7827F4BC1500BEECCE /* Reachability.swift in Sources */,
				4832AF7C27F5871800BEECCE /* ErrorHelper.swift in Sources */,
				4895CC7B27F45A900056D24A /* AppDelegate.swift in Sources */,
				4832AF7327F4B66300BEECCE /* UserEntity.swift in Sources */,
				4895CC9E27F478D30056D24A /* UserDetailController.swift in Sources */,
				4832AF7F27F5895200BEECCE /* ErrorMessages.swift in Sources */,
				4895CC9A27F45E190056D24A /* User.swift in Sources */,
				4895CCA027F478FF0056D24A /* BaseViewController.swift in Sources */,
				4895CC9727F45DBE0056D24A /* APIManager.swift in Sources */,
				4832AF7527F4B85500BEECCE /* DataManager.swift in Sources */,
				4895CC9027F45ABB0056D24A /* UsersListController.swift in Sources */,
				4895CC7D27F45A900056D24A /* SceneDelegate.swift in Sources */,
			);
			runOnlyForDeploymentPostprocessing = 0;
		};
/* End PBXSourcesBuildPhase section */

/* Begin PBXVariantGroup section */
		4895CC8027F45A900056D24A /* Main.storyboard */ = {
			isa = PBXVariantGroup;
			children = (
				4895CC8127F45A900056D24A /* Base */,
			);
			name = Main.storyboard;
			sourceTree = "<group>";
		};
		4895CC8527F45A900056D24A /* LaunchScreen.storyboard */ = {
			isa = PBXVariantGroup;
			children = (
				4895CC8627F45A900056D24A /* Base */,
			);
			name = LaunchScreen.storyboard;
			sourceTree = "<group>";
		};
/* End PBXVariantGroup section */

/* Begin XCBuildConfiguration section */
		4895CC8927F45A900056D24A /* Debug */ = {
			isa = XCBuildConfiguration;
			buildSettings = {
				ALWAYS_SEARCH_USER_PATHS = NO;
				CLANG_ANALYZER_NONNULL = YES;
				CLANG_ANALYZER_NUMBER_OBJECT_CONVERSION = YES_AGGRESSIVE;
				CLANG_CXX_LANGUAGE_STANDARD = "gnu++17";
				CLANG_CXX_LIBRARY = "libc++";
				CLANG_ENABLE_MODULES = YES;
				CLANG_ENABLE_OBJC_ARC = YES;
				CLANG_ENABLE_OBJC_WEAK = YES;
				CLANG_WARN_BLOCK_CAPTURE_AUTORELEASING = YES;
				CLANG_WARN_BOOL_CONVERSION = YES;
				CLANG_WARN_COMMA = YES;
				CLANG_WARN_CONSTANT_CONVERSION = YES;
				CLANG_WARN_DEPRECATED_OBJC_IMPLEMENTATIONS = YES;
				CLANG_WARN_DIRECT_OBJC_ISA_USAGE = YES_ERROR;
				CLANG_WARN_DOCUMENTATION_COMMENTS = YES;
				CLANG_WARN_EMPTY_BODY = YES;
				CLANG_WARN_ENUM_CONVERSION = YES;
				CLANG_WARN_INFINITE_RECURSION = YES;
				CLANG_WARN_INT_CONVERSION = YES;
				CLANG_WARN_NON_LITERAL_NULL_CONVERSION = YES;
				CLANG_WARN_OBJC_IMPLICIT_RETAIN_SELF = YES;
				CLANG_WARN_OBJC_LITERAL_CONVERSION = YES;
				CLANG_WARN_OBJC_ROOT_CLASS = YES_ERROR;
				CLANG_WARN_QUOTED_INCLUDE_IN_FRAMEWORK_HEADER = YES;
				CLANG_WARN_RANGE_LOOP_ANALYSIS = YES;
				CLANG_WARN_STRICT_PROTOTYPES = YES;
				CLANG_WARN_SUSPICIOUS_MOVE = YES;
				CLANG_WARN_UNGUARDED_AVAILABILITY = YES_AGGRESSIVE;
				CLANG_WARN_UNREACHABLE_CODE = YES;
				CLANG_WARN__DUPLICATE_METHOD_MATCH = YES;
				COPY_PHASE_STRIP = NO;
				DEBUG_INFORMATION_FORMAT = dwarf;
				ENABLE_STRICT_OBJC_MSGSEND = YES;
				ENABLE_TESTABILITY = YES;
				GCC_C_LANGUAGE_STANDARD = gnu11;
				GCC_DYNAMIC_NO_PIC = NO;
				GCC_NO_COMMON_BLOCKS = YES;
				GCC_OPTIMIZATION_LEVEL = 0;
				GCC_PREPROCESSOR_DEFINITIONS = (
					"DEBUG=1",
					"$(inherited)",
				);
				GCC_WARN_64_TO_32_BIT_CONVERSION = YES;
				GCC_WARN_ABOUT_RETURN_TYPE = YES_ERROR;
				GCC_WARN_UNDECLARED_SELECTOR = YES;
				GCC_WARN_UNINITIALIZED_AUTOS = YES_AGGRESSIVE;
				GCC_WARN_UNUSED_FUNCTION = YES;
				GCC_WARN_UNUSED_VARIABLE = YES;
				IPHONEOS_DEPLOYMENT_TARGET = 15.2;
				MTL_ENABLE_DEBUG_INFO = INCLUDE_SOURCE;
				MTL_FAST_MATH = YES;
				ONLY_ACTIVE_ARCH = YES;
				SDKROOT = iphoneos;
				SWIFT_ACTIVE_COMPILATION_CONDITIONS = DEBUG;
				SWIFT_OPTIMIZATION_LEVEL = "-Onone";
			};
			name = Debug;
		};
		4895CC8A27F45A900056D24A /* Release */ = {
			isa = XCBuildConfiguration;
			buildSettings = {
				ALWAYS_SEARCH_USER_PATHS = NO;
				CLANG_ANALYZER_NONNULL = YES;
				CLANG_ANALYZER_NUMBER_OBJECT_CONVERSION = YES_AGGRESSIVE;
				CLANG_CXX_LANGUAGE_STANDARD = "gnu++17";
				CLANG_CXX_LIBRARY = "libc++";
				CLANG_ENABLE_MODULES = YES;
				CLANG_ENABLE_OBJC_ARC = YES;
				CLANG_ENABLE_OBJC_WEAK = YES;
				CLANG_WARN_BLOCK_CAPTURE_AUTORELEASING = YES;
				CLANG_WARN_BOOL_CONVERSION = YES;
				CLANG_WARN_COMMA = YES;
				CLANG_WARN_CONSTANT_CONVERSION = YES;
				CLANG_WARN_DEPRECATED_OBJC_IMPLEMENTATIONS = YES;
				CLANG_WARN_DIRECT_OBJC_ISA_USAGE = YES_ERROR;
				CLANG_WARN_DOCUMENTATION_COMMENTS = YES;
				CLANG_WARN_EMPTY_BODY = YES;
				CLANG_WARN_ENUM_CONVERSION = YES;
				CLANG_WARN_INFINITE_RECURSION = YES;
				CLANG_WARN_INT_CONVERSION = YES;
				CLANG_WARN_NON_LITERAL_NULL_CONVERSION = YES;
				CLANG_WARN_OBJC_IMPLICIT_RETAIN_SELF = YES;
				CLANG_WARN_OBJC_LITERAL_CONVERSION = YES;
				CLANG_WARN_OBJC_ROOT_CLASS = YES_ERROR;
				CLANG_WARN_QUOTED_INCLUDE_IN_FRAMEWORK_HEADER = YES;
				CLANG_WARN_RANGE_LOOP_ANALYSIS = YES;
				CLANG_WARN_STRICT_PROTOTYPES = YES;
				CLANG_WARN_SUSPICIOUS_MOVE = YES;
				CLANG_WARN_UNGUARDED_AVAILABILITY = YES_AGGRESSIVE;
				CLANG_WARN_UNREACHABLE_CODE = YES;
				CLANG_WARN__DUPLICATE_METHOD_MATCH = YES;
				COPY_PHASE_STRIP = NO;
				DEBUG_INFORMATION_FORMAT = "dwarf-with-dsym";
				ENABLE_NS_ASSERTIONS = NO;
				ENABLE_STRICT_OBJC_MSGSEND = YES;
				GCC_C_LANGUAGE_STANDARD = gnu11;
				GCC_NO_COMMON_BLOCKS = YES;
				GCC_WARN_64_TO_32_BIT_CONVERSION = YES;
				GCC_WARN_ABOUT_RETURN_TYPE = YES_ERROR;
				GCC_WARN_UNDECLARED_SELECTOR = YES;
				GCC_WARN_UNINITIALIZED_AUTOS = YES_AGGRESSIVE;
				GCC_WARN_UNUSED_FUNCTION = YES;
				GCC_WARN_UNUSED_VARIABLE = YES;
				IPHONEOS_DEPLOYMENT_TARGET = 15.2;
				MTL_ENABLE_DEBUG_INFO = NO;
				MTL_FAST_MATH = YES;
				SDKROOT = iphoneos;
				SWIFT_COMPILATION_MODE = wholemodule;
				SWIFT_OPTIMIZATION_LEVEL = "-O";
				VALIDATE_PRODUCT = YES;
			};
			name = Release;
		};
		4895CC8C27F45A900056D24A /* Debug */ = {
			isa = XCBuildConfiguration;
			baseConfigurationReference = 9A58C458DE22D05FCF7F69DC /* Pods-GitHubUsers.debug.xcconfig */;
			buildSettings = {
				ASSETCATALOG_COMPILER_APPICON_NAME = AppIcon;
				ASSETCATALOG_COMPILER_GLOBAL_ACCENT_COLOR_NAME = AccentColor;
				CODE_SIGN_STYLE = Automatic;
				CURRENT_PROJECT_VERSION = 1;
				GENERATE_INFOPLIST_FILE = YES;
				INFOPLIST_FILE = GitHubUsers/Info.plist;
				INFOPLIST_KEY_UIApplicationSupportsIndirectInputEvents = YES;
				INFOPLIST_KEY_UILaunchStoryboardName = LaunchScreen;
				INFOPLIST_KEY_UIMainStoryboardFile = Main;
				INFOPLIST_KEY_UISupportedInterfaceOrientations_iPad = "UIInterfaceOrientationPortrait UIInterfaceOrientationPortraitUpsideDown UIInterfaceOrientationLandscapeLeft UIInterfaceOrientationLandscapeRight";
				INFOPLIST_KEY_UISupportedInterfaceOrientations_iPhone = "UIInterfaceOrientationPortrait UIInterfaceOrientationLandscapeLeft UIInterfaceOrientationLandscapeRight";
				LD_RUNPATH_SEARCH_PATHS = (
					"$(inherited)",
					"@executable_path/Frameworks",
				);
				MARKETING_VERSION = 1.0;
				PRODUCT_BUNDLE_IDENTIFIER = com.poc.GitHubUsers;
				PRODUCT_NAME = "$(TARGET_NAME)";
				SWIFT_EMIT_LOC_STRINGS = YES;
				SWIFT_VERSION = 5.0;
				TARGETED_DEVICE_FAMILY = "1,2";
			};
			name = Debug;
		};
		4895CC8D27F45A900056D24A /* Release */ = {
			isa = XCBuildConfiguration;
			baseConfigurationReference = 81ED4BA33D0E632C0CCA5FF3 /* Pods-GitHubUsers.release.xcconfig */;
			buildSettings = {
				ASSETCATALOG_COMPILER_APPICON_NAME = AppIcon;
				ASSETCATALOG_COMPILER_GLOBAL_ACCENT_COLOR_NAME = AccentColor;
				CODE_SIGN_STYLE = Automatic;
				CURRENT_PROJECT_VERSION = 1;
				GENERATE_INFOPLIST_FILE = YES;
				INFOPLIST_FILE = GitHubUsers/Info.plist;
				INFOPLIST_KEY_UIApplicationSupportsIndirectInputEvents = YES;
				INFOPLIST_KEY_UILaunchStoryboardName = LaunchScreen;
				INFOPLIST_KEY_UIMainStoryboardFile = Main;
				INFOPLIST_KEY_UISupportedInterfaceOrientations_iPad = "UIInterfaceOrientationPortrait UIInterfaceOrientationPortraitUpsideDown UIInterfaceOrientationLandscapeLeft UIInterfaceOrientationLandscapeRight";
				INFOPLIST_KEY_UISupportedInterfaceOrientations_iPhone = "UIInterfaceOrientationPortrait UIInterfaceOrientationLandscapeLeft UIInterfaceOrientationLandscapeRight";
				LD_RUNPATH_SEARCH_PATHS = (
					"$(inherited)",
					"@executable_path/Frameworks",
				);
				MARKETING_VERSION = 1.0;
				PRODUCT_BUNDLE_IDENTIFIER = com.poc.GitHubUsers;
				PRODUCT_NAME = "$(TARGET_NAME)";
				SWIFT_EMIT_LOC_STRINGS = YES;
				SWIFT_VERSION = 5.0;
				TARGETED_DEVICE_FAMILY = "1,2";
			};
			name = Release;
		};
/* End XCBuildConfiguration section */

/* Begin XCConfigurationList section */
		4895CC7227F45A900056D24A /* Build configuration list for PBXProject "GitHubUsers" */ = {
			isa = XCConfigurationList;
			buildConfigurations = (
				4895CC8927F45A900056D24A /* Debug */,
				4895CC8A27F45A900056D24A /* Release */,
			);
			defaultConfigurationIsVisible = 0;
			defaultConfigurationName = Release;
		};
		4895CC8B27F45A900056D24A /* Build configuration list for PBXNativeTarget "GitHubUsers" */ = {
			isa = XCConfigurationList;
			buildConfigurations = (
				4895CC8C27F45A900056D24A /* Debug */,
				4895CC8D27F45A900056D24A /* Release */,
			);
			defaultConfigurationIsVisible = 0;
			defaultConfigurationName = Release;
		};
/* End XCConfigurationList section */
	};
	rootObject = 4895CC6F27F45A900056D24A /* Project object */;
}
